
Microsoft Visual Studio Solution File, Format Version 12.00
# Visual Studio Version 17
VisualStudioVersion = 17.7.34031.279
MinimumVisualStudioVersion = 10.0.40219.1
Project("{9A19103F-16F7-4668-BE54-9A1E7A4F7556}") = "FAQisLOVE", "FAQisLOVE\FAQisLOVE.csproj", "{928A7B87-95D6-4628-8075-45592CCE600F}"
EndProject
Project("{2150E333-8FDC-42A3-9474-1A3956D46DE8}") = "Solution Items", "Solution Items", "{EB96189A-D958-4A0C-B8AE-F54B2CA791AE}"
	ProjectSection(SolutionItems) = preProject
		.gitignore = .gitignore
	EndProjectSection
EndProject
Global
	GlobalSection(SolutionConfigurationPlatforms) = preSolution
		Debug|Any CPU = Debug|Any CPU
		Release|Any CPU = Release|Any CPU
	EndGlobalSection
	GlobalSection(ProjectConfigurationPlatforms) = postSolution
		{928A7B87-95D6-4628-8075-45592CCE600F}.Debug|Any CPU.ActiveCfg = Debug|Any CPU
		{928A7B87-95D6-4628-8075-45592CCE600F}.Debug|Any CPU.Build.0 = Debug|Any CPU
		{928A7B87-95D6-4628-8075-45592CCE600F}.Release|Any CPU.ActiveCfg = Release|Any CPU
		{928A7B87-95D6-4628-8075-45592CCE600F}.Release|Any CPU.Build.0 = Release|Any CPU
	EndGlobalSection
	GlobalSection(SolutionProperties) = preSolution
		HideSolutionNode = FALSE
	EndGlobalSection
	GlobalSection(ExtensibilityGlobals) = postSolution
		SolutionGuid = {FB674054-119D-4058-BED0-1C9C4354EB3C}
	EndGlobalSection
EndGlobal
